
Microsoft Visual Studio Solution File, Format Version 12.00
# Visual Studio Version 17
VisualStudioVersion = 17.14.36414.22
MinimumVisualStudioVersion = 10.0.40219.1
Project("{FAE04EC0-301F-11D3-BF4B-00C04F79EFBC}") = "ArmNavigation.Host", "ArmNavigation.Host\ArmNavigation.Host.csproj", "{27B60C72-6D0B-47CC-B417-70B5A9E2BD73}"
EndProject
Project("{FAE04EC0-301F-11D3-BF4B-00C04F79EFBC}") = "ArmNavigation.Infrastructure.Postgres", "ArmNavigation.Infrastructure.Postgres\ArmNavigation.Infrastructure.Postgres.csproj", "{F3D304EB-2B67-4CDE-853D-10EA6544C455}"
EndProject
Project("{FAE04EC0-301F-11D3-BF4B-00C04F79EFBC}") = "ArnNavigation.Application", "ArnNavigation.Application\ArnNavigation.Application.csproj", "{63FEE0CA-F325-489E-AA8A-39A46F156E88}"
EndProject
Project("{FAE04EC0-301F-11D3-BF4B-00C04F79EFBC}") = "ArmNavigation.Presentation", "ArmNavigation.Presentation\ArmNavigation.Presentation.csproj", "{5BD6BA1E-A24E-41EA-A972-88AA1ADEC7E0}"
EndProject
Project("{FAE04EC0-301F-11D3-BF4B-00C04F79EFBC}") = "ArmNavigation.Domain", "ArmNavigation.Domain\ArmNavigation.Domain.csproj", "{1DE37B68-D5B8-414C-9525-68F65EC7EE98}"
EndProject
Project("{FAE04EC0-301F-11D3-BF4B-00C04F79EFBC}") = "ArmNavigation.Infrastructure.Migrator", "ArmNavigation.Infrastructure.Migrator\ArmNavigation.Infrastructure.Migrator.csproj", "{6965B8E5-DC59-4090-B2D2-10382A42E101}"
EndProject
Project("{2150E333-8FDC-42A3-9474-1A3956D46DE8}") = "Infrastructure", "Infrastructure", "{36D591C7-65C7-A0D1-1CBC-10CDE441BDC8}"
EndProject
Project("{E53339B2-1760-4266-BCC7-CA923CBCF16C}") = "docker-compose", "docker-compose.dcproj", "{81DDED9D-158B-E303-5F62-77A2896D2A5A}"
EndProject
Project("{FAE04EC0-301F-11D3-BF4B-00C04F79EFBC}") = "ArmNavigation.Infrastructure.RabbitMQ", "ArmNavigation.Infrastructure.RabbitMQ\ArmNavigation.Infrastructure.RabbitMQ.csproj", "{8DE25E40-DA6A-4B0E-BC31-11067BF80537}"
EndProject
Global
	GlobalSection(SolutionConfigurationPlatforms) = preSolution
		Debug|Any CPU = Debug|Any CPU
		Release|Any CPU = Release|Any CPU
	EndGlobalSection
	GlobalSection(ProjectConfigurationPlatforms) = postSolution
		{27B60C72-6D0B-47CC-B417-70B5A9E2BD73}.Debug|Any CPU.ActiveCfg = Debug|Any CPU
		{27B60C72-6D0B-47CC-B417-70B5A9E2BD73}.Debug|Any CPU.Build.0 = Debug|Any CPU
		{27B60C72-6D0B-47CC-B417-70B5A9E2BD73}.Release|Any CPU.ActiveCfg = Release|Any CPU
		{27B60C72-6D0B-47CC-B417-70B5A9E2BD73}.Release|Any CPU.Build.0 = Release|Any CPU
		{F3D304EB-2B67-4CDE-853D-10EA6544C455}.Debug|Any CPU.ActiveCfg = Debug|Any CPU
		{F3D304EB-2B67-4CDE-853D-10EA6544C455}.Debug|Any CPU.Build.0 = Debug|Any CPU
		{F3D304EB-2B67-4CDE-853D-10EA6544C455}.Release|Any CPU.ActiveCfg = Release|Any CPU
		{F3D304EB-2B67-4CDE-853D-10EA6544C455}.Release|Any CPU.Build.0 = Release|Any CPU
		{63FEE0CA-F325-489E-AA8A-39A46F156E88}.Debug|Any CPU.ActiveCfg = Debug|Any CPU
		{63FEE0CA-F325-489E-AA8A-39A46F156E88}.Debug|Any CPU.Build.0 = Debug|Any CPU
		{63FEE0CA-F325-489E-AA8A-39A46F156E88}.Release|Any CPU.ActiveCfg = Release|Any CPU
		{63FEE0CA-F325-489E-AA8A-39A46F156E88}.Release|Any CPU.Build.0 = Release|Any CPU
		{5BD6BA1E-A24E-41EA-A972-88AA1ADEC7E0}.Debug|Any CPU.ActiveCfg = Debug|Any CPU
		{5BD6BA1E-A24E-41EA-A972-88AA1ADEC7E0}.Debug|Any CPU.Build.0 = Debug|Any CPU
		{5BD6BA1E-A24E-41EA-A972-88AA1ADEC7E0}.Release|Any CPU.ActiveCfg = Release|Any CPU
		{5BD6BA1E-A24E-41EA-A972-88AA1ADEC7E0}.Release|Any CPU.Build.0 = Release|Any CPU
		{1DE37B68-D5B8-414C-9525-68F65EC7EE98}.Debug|Any CPU.ActiveCfg = Debug|Any CPU
		{1DE37B68-D5B8-414C-9525-68F65EC7EE98}.Debug|Any CPU.Build.0 = Debug|Any CPU
		{1DE37B68-D5B8-414C-9525-68F65EC7EE98}.Release|Any CPU.ActiveCfg = Release|Any CPU
		{1DE37B68-D5B8-414C-9525-68F65EC7EE98}.Release|Any CPU.Build.0 = Release|Any CPU
		{6965B8E5-DC59-4090-B2D2-10382A42E101}.Debug|Any CPU.ActiveCfg = Debug|Any CPU
		{6965B8E5-DC59-4090-B2D2-10382A42E101}.Debug|Any CPU.Build.0 = Debug|Any CPU
		{6965B8E5-DC59-4090-B2D2-10382A42E101}.Release|Any CPU.ActiveCfg = Release|Any CPU
		{6965B8E5-DC59-4090-B2D2-10382A42E101}.Release|Any CPU.Build.0 = Release|Any CPU
		{81DDED9D-158B-E303-5F62-77A2896D2A5A}.Debug|Any CPU.ActiveCfg = Debug|Any CPU
		{81DDED9D-158B-E303-5F62-77A2896D2A5A}.Debug|Any CPU.Build.0 = Debug|Any CPU
		{81DDED9D-158B-E303-5F62-77A2896D2A5A}.Release|Any CPU.ActiveCfg = Release|Any CPU
		{81DDED9D-158B-E303-5F62-77A2896D2A5A}.Release|Any CPU.Build.0 = Release|Any CPU
		{8DE25E40-DA6A-4B0E-BC31-11067BF80537}.Debug|Any CPU.ActiveCfg = Debug|Any CPU
		{8DE25E40-DA6A-4B0E-BC31-11067BF80537}.Debug|Any CPU.Build.0 = Debug|Any CPU
		{8DE25E40-DA6A-4B0E-BC31-11067BF80537}.Release|Any CPU.ActiveCfg = Release|Any CPU
		{8DE25E40-DA6A-4B0E-BC31-11067BF80537}.Release|Any CPU.Build.0 = Release|Any CPU
	EndGlobalSection
	GlobalSection(SolutionProperties) = preSolution
		HideSolutionNode = FALSE
	EndGlobalSection
	GlobalSection(NestedProjects) = preSolution
		{F3D304EB-2B67-4CDE-853D-10EA6544C455} = {36D591C7-65C7-A0D1-1CBC-10CDE441BDC8}
		{6965B8E5-DC59-4090-B2D2-10382A42E101} = {36D591C7-65C7-A0D1-1CBC-10CDE441BDC8}
		{8DE25E40-DA6A-4B0E-BC31-11067BF80537} = {36D591C7-65C7-A0D1-1CBC-10CDE441BDC8}
	EndGlobalSection
	GlobalSection(ExtensibilityGlobals) = postSolution
		SolutionGuid = {0A8D3553-310F-4711-BA2F-C1E8302D5F0E}
	EndGlobalSection
EndGlobal
